
Microsoft Visual Studio Solution File, Format Version 12.00
# Visual Studio Version 17
VisualStudioVersion = 17.2.32505.173
MinimumVisualStudioVersion = 10.0.40219.1
Project("{9A19103F-16F7-4668-BE54-9A1E7A4F7556}") = "Enrollment.DatabaseModels", "Enrollment.DatabaseModels\Enrollment.DatabaseModels.csproj", "{9DE14BD4-CCF3-4246-B536-1EC6B2E6181F}"
EndProject
Project("{FAE04EC0-301F-11D3-BF4B-00C04F79EFBC}") = "Enrollment.App", "Enrollment.App\Enrollment.App.csproj", "{ACA7C3C0-B72F-4B13-93A7-ED43EF9DD5BC}"
EndProject
Global
	GlobalSection(SolutionConfigurationPlatforms) = preSolution
		Debug|Any CPU = Debug|Any CPU
		Release|Any CPU = Release|Any CPU
	EndGlobalSection
	GlobalSection(ProjectConfigurationPlatforms) = postSolution
		{9DE14BD4-CCF3-4246-B536-1EC6B2E6181F}.Debug|Any CPU.ActiveCfg = Debug|Any CPU
		{9DE14BD4-CCF3-4246-B536-1EC6B2E6181F}.Debug|Any CPU.Build.0 = Debug|Any CPU
		{9DE14BD4-CCF3-4246-B536-1EC6B2E6181F}.Release|Any CPU.ActiveCfg = Release|Any CPU
		{9DE14BD4-CCF3-4246-B536-1EC6B2E6181F}.Release|Any CPU.Build.0 = Release|Any CPU
		{ACA7C3C0-B72F-4B13-93A7-ED43EF9DD5BC}.Debug|Any CPU.ActiveCfg = Debug|Any CPU
		{ACA7C3C0-B72F-4B13-93A7-ED43EF9DD5BC}.Debug|Any CPU.Build.0 = Debug|Any CPU
		{ACA7C3C0-B72F-4B13-93A7-ED43EF9DD5BC}.Release|Any CPU.ActiveCfg = Release|Any CPU
		{ACA7C3C0-B72F-4B13-93A7-ED43EF9DD5BC}.Release|Any CPU.Build.0 = Release|Any CPU
	EndGlobalSection
	GlobalSection(SolutionProperties) = preSolution
		HideSolutionNode = FALSE
	EndGlobalSection
	GlobalSection(ExtensibilityGlobals) = postSolution
		SolutionGuid = {8A6C2FFD-ECEA-40CF-92C6-188B121B2577}
	EndGlobalSection
EndGlobal
